
Microsoft Visual Studio Solution File, Format Version 12.00
# Visual Studio 15
Project("{FAE04EC0-301F-11D3-BF4B-00C04F79EFBC}") = "Ground2", "Assembly-CSharp.csproj", "{75752EFD-C90B-BB21-344F-60385C6E9A04}"
EndProject
Project("{FAE04EC0-301F-11D3-BF4B-00C04F79EFBC}") = "Ground2", "Assembly-CSharp-Editor.csproj", "{C0661673-603D-269C-B398-A801248913BA}"
EndProject
Global
	GlobalSection(SolutionConfigurationPlatforms) = preSolution
		Debug|Any CPU = Debug|Any CPU
		Release|Any CPU = Release|Any CPU
	EndGlobalSection
	GlobalSection(ProjectConfigurationPlatforms) = postSolution
		{75752EFD-C90B-BB21-344F-60385C6E9A04}.Debug|Any CPU.ActiveCfg = Debug|Any CPU
		{75752EFD-C90B-BB21-344F-60385C6E9A04}.Debug|Any CPU.Build.0 = Debug|Any CPU
		{75752EFD-C90B-BB21-344F-60385C6E9A04}.Release|Any CPU.ActiveCfg = Release|Any CPU
		{75752EFD-C90B-BB21-344F-60385C6E9A04}.Release|Any CPU.Build.0 = Release|Any CPU
		{C0661673-603D-269C-B398-A801248913BA}.Debug|Any CPU.ActiveCfg = Debug|Any CPU
		{C0661673-603D-269C-B398-A801248913BA}.Debug|Any CPU.Build.0 = Debug|Any CPU
		{C0661673-603D-269C-B398-A801248913BA}.Release|Any CPU.ActiveCfg = Release|Any CPU
		{C0661673-603D-269C-B398-A801248913BA}.Release|Any CPU.Build.0 = Release|Any CPU
	EndGlobalSection
	GlobalSection(SolutionProperties) = preSolution
		HideSolutionNode = FALSE
	EndGlobalSection
EndGlobal
