
Microsoft Visual Studio Solution File, Format Version 12.00
# Visual Studio 15
Project("{FAE04EC0-301F-11D3-BF4B-00C04F79EFBC}") = "TwoImages", "Assembly-CSharp.csproj", "{10ECA0A3-F82E-9CFA-CF04-1EF4634E8043}"
EndProject
Project("{FAE04EC0-301F-11D3-BF4B-00C04F79EFBC}") = "TwoImages", "Assembly-CSharp-Editor.csproj", "{15AD653A-DBE2-65E9-6E84-6C44DAC825A7}"
EndProject
Global
	GlobalSection(SolutionConfigurationPlatforms) = preSolution
		Debug|Any CPU = Debug|Any CPU
		Release|Any CPU = Release|Any CPU
	EndGlobalSection
	GlobalSection(ProjectConfigurationPlatforms) = postSolution
		{10ECA0A3-F82E-9CFA-CF04-1EF4634E8043}.Debug|Any CPU.ActiveCfg = Debug|Any CPU
		{10ECA0A3-F82E-9CFA-CF04-1EF4634E8043}.Debug|Any CPU.Build.0 = Debug|Any CPU
		{10ECA0A3-F82E-9CFA-CF04-1EF4634E8043}.Release|Any CPU.ActiveCfg = Release|Any CPU
		{10ECA0A3-F82E-9CFA-CF04-1EF4634E8043}.Release|Any CPU.Build.0 = Release|Any CPU
		{15AD653A-DBE2-65E9-6E84-6C44DAC825A7}.Debug|Any CPU.ActiveCfg = Debug|Any CPU
		{15AD653A-DBE2-65E9-6E84-6C44DAC825A7}.Debug|Any CPU.Build.0 = Debug|Any CPU
		{15AD653A-DBE2-65E9-6E84-6C44DAC825A7}.Release|Any CPU.ActiveCfg = Release|Any CPU
		{15AD653A-DBE2-65E9-6E84-6C44DAC825A7}.Release|Any CPU.Build.0 = Release|Any CPU
	EndGlobalSection
	GlobalSection(SolutionProperties) = preSolution
		HideSolutionNode = FALSE
	EndGlobalSection
EndGlobal
