
Microsoft Visual Studio Solution File, Format Version 12.00
# Visual Studio 15
Project("{FAE04EC0-301F-11D3-BF4B-00C04F79EFBC}") = "GroundTracking", "Assembly-CSharp.csproj", "{5DCE9461-972C-1A9C-0881-A4E1EDE04928}"
EndProject
Project("{FAE04EC0-301F-11D3-BF4B-00C04F79EFBC}") = "GroundTracking", "Assembly-CSharp-Editor.csproj", "{FAABD64A-308C-6AB1-9906-682F58CA5318}"
EndProject
Global
	GlobalSection(SolutionConfigurationPlatforms) = preSolution
		Debug|Any CPU = Debug|Any CPU
		Release|Any CPU = Release|Any CPU
	EndGlobalSection
	GlobalSection(ProjectConfigurationPlatforms) = postSolution
		{5DCE9461-972C-1A9C-0881-A4E1EDE04928}.Debug|Any CPU.ActiveCfg = Debug|Any CPU
		{5DCE9461-972C-1A9C-0881-A4E1EDE04928}.Debug|Any CPU.Build.0 = Debug|Any CPU
		{5DCE9461-972C-1A9C-0881-A4E1EDE04928}.Release|Any CPU.ActiveCfg = Release|Any CPU
		{5DCE9461-972C-1A9C-0881-A4E1EDE04928}.Release|Any CPU.Build.0 = Release|Any CPU
		{FAABD64A-308C-6AB1-9906-682F58CA5318}.Debug|Any CPU.ActiveCfg = Debug|Any CPU
		{FAABD64A-308C-6AB1-9906-682F58CA5318}.Debug|Any CPU.Build.0 = Debug|Any CPU
		{FAABD64A-308C-6AB1-9906-682F58CA5318}.Release|Any CPU.ActiveCfg = Release|Any CPU
		{FAABD64A-308C-6AB1-9906-682F58CA5318}.Release|Any CPU.Build.0 = Release|Any CPU
	EndGlobalSection
	GlobalSection(SolutionProperties) = preSolution
		HideSolutionNode = FALSE
	EndGlobalSection
EndGlobal
