
Microsoft Visual Studio Solution File, Format Version 12.00
# Visual Studio 15
Project("{FAE04EC0-301F-11D3-BF4B-00C04F79EFBC}") = "ARtest1", "Assembly-CSharp.csproj", "{71B72195-DB18-EB8A-601F-54DF9166BEB2}"
EndProject
Project("{FAE04EC0-301F-11D3-BF4B-00C04F79EFBC}") = "ARtest1", "Assembly-CSharp-firstpass.csproj", "{ED5EE788-A0B5-4A7F-7393-951FE76C9DCB}"
EndProject
Project("{FAE04EC0-301F-11D3-BF4B-00C04F79EFBC}") = "ARtest1", "Assembly-CSharp-Editor.csproj", "{1C91B6E1-B22D-74D1-611A-240B4C85F307}"
EndProject
Global
	GlobalSection(SolutionConfigurationPlatforms) = preSolution
		Debug|Any CPU = Debug|Any CPU
		Release|Any CPU = Release|Any CPU
	EndGlobalSection
	GlobalSection(ProjectConfigurationPlatforms) = postSolution
		{71B72195-DB18-EB8A-601F-54DF9166BEB2}.Debug|Any CPU.ActiveCfg = Debug|Any CPU
		{71B72195-DB18-EB8A-601F-54DF9166BEB2}.Debug|Any CPU.Build.0 = Debug|Any CPU
		{71B72195-DB18-EB8A-601F-54DF9166BEB2}.Release|Any CPU.ActiveCfg = Release|Any CPU
		{71B72195-DB18-EB8A-601F-54DF9166BEB2}.Release|Any CPU.Build.0 = Release|Any CPU
		{ED5EE788-A0B5-4A7F-7393-951FE76C9DCB}.Debug|Any CPU.ActiveCfg = Debug|Any CPU
		{ED5EE788-A0B5-4A7F-7393-951FE76C9DCB}.Debug|Any CPU.Build.0 = Debug|Any CPU
		{ED5EE788-A0B5-4A7F-7393-951FE76C9DCB}.Release|Any CPU.ActiveCfg = Release|Any CPU
		{ED5EE788-A0B5-4A7F-7393-951FE76C9DCB}.Release|Any CPU.Build.0 = Release|Any CPU
		{1C91B6E1-B22D-74D1-611A-240B4C85F307}.Debug|Any CPU.ActiveCfg = Debug|Any CPU
		{1C91B6E1-B22D-74D1-611A-240B4C85F307}.Debug|Any CPU.Build.0 = Debug|Any CPU
		{1C91B6E1-B22D-74D1-611A-240B4C85F307}.Release|Any CPU.ActiveCfg = Release|Any CPU
		{1C91B6E1-B22D-74D1-611A-240B4C85F307}.Release|Any CPU.Build.0 = Release|Any CPU
	EndGlobalSection
	GlobalSection(SolutionProperties) = preSolution
		HideSolutionNode = FALSE
	EndGlobalSection
EndGlobal
